
Microsoft Visual Studio Solution File, Format Version 12.00
# Visual Studio Version 16
VisualStudioVersion = 16.0.31005.135
MinimumVisualStudioVersion = 10.0.40219.1
Project("{FAE04EC0-301F-11D3-BF4B-00C04F79EFBC}") = "CarService", "CarService\CarService.csproj", "{B4D6AAD1-7587-43C1-BFE6-D9E872ACD87F}"
EndProject
Global
	GlobalSection(SolutionConfigurationPlatforms) = preSolution
		Debug|Any CPU = Debug|Any CPU
		Release|Any CPU = Release|Any CPU
	EndGlobalSection
	GlobalSection(ProjectConfigurationPlatforms) = postSolution
		{B4D6AAD1-7587-43C1-BFE6-D9E872ACD87F}.Debug|Any CPU.ActiveCfg = Debug|Any CPU
		{B4D6AAD1-7587-43C1-BFE6-D9E872ACD87F}.Debug|Any CPU.Build.0 = Debug|Any CPU
		{B4D6AAD1-7587-43C1-BFE6-D9E872ACD87F}.Release|Any CPU.ActiveCfg = Release|Any CPU
		{B4D6AAD1-7587-43C1-BFE6-D9E872ACD87F}.Release|Any CPU.Build.0 = Release|Any CPU
	EndGlobalSection
	GlobalSection(SolutionProperties) = preSolution
		HideSolutionNode = FALSE
	EndGlobalSection
	GlobalSection(ExtensibilityGlobals) = postSolution
		SolutionGuid = {E76214FA-FDFB-4FC3-840D-39711BC0AA3A}
	EndGlobalSection
EndGlobal
